// !$*UTF8*$!
{
	archiveVersion = 1;
	classes = {
	};
	objectVersion = 50;
	objects = {

/* Begin PBXBuildFile section */
		7FAC05C2269D431D003EFC4D /* AppDelegate.swift in Sources */ = {isa = PBXBuildFile; fileRef = 7FAC05C1269D431D003EFC4D /* AppDelegate.swift */; };
		7FAC05C4269D431D003EFC4D /* SceneDelegate.swift in Sources */ = {isa = PBXBuildFile; fileRef = 7FAC05C3269D431D003EFC4D /* SceneDelegate.swift */; };
		7FAC05C6269D431D003EFC4D /* ViewController.swift in Sources */ = {isa = PBXBuildFile; fileRef = 7FAC05C5269D431D003EFC4D /* ViewController.swift */; };
		7FAC05C9269D431D003EFC4D /* Main.storyboard in Resources */ = {isa = PBXBuildFile; fileRef = 7FAC05C7269D431D003EFC4D /* Main.storyboard */; };
		7FAC05CB269D431E003EFC4D /* Assets.xcassets in Resources */ = {isa = PBXBuildFile; fileRef = 7FAC05CA269D431E003EFC4D /* Assets.xcassets */; };
		7FAC05CE269D431E003EFC4D /* LaunchScreen.storyboard in Resources */ = {isa = PBXBuildFile; fileRef = 7FAC05CC269D431E003EFC4D /* LaunchScreen.storyboard */; };
		7FAC05D9269D431E003EFC4D /* PreworkTests.swift in Sources */ = {isa = PBXBuildFile; fileRef = 7FAC05D8269D431E003EFC4D /* PreworkTests.swift */; };
		7FAC05E4269D431E003EFC4D /* PreworkUITests.swift in Sources */ = {isa = PBXBuildFile; fileRef = 7FAC05E3269D431E003EFC4D /* PreworkUITests.swift */; };
/* End PBXBuildFile section */

/* Begin PBXContainerItemProxy section */
		7FAC05D5269D431E003EFC4D /* PBXContainerItemProxy */ = {
			isa = PBXContainerItemProxy;
			containerPortal = 7FAC05B6269D431D003EFC4D /* Project object */;
			proxyType = 1;
			remoteGlobalIDString = 7FAC05BD269D431D003EFC4D;
			remoteInfo = Prework;
		};
		7FAC05E0269D431E003EFC4D /* PBXContainerItemProxy */ = {
			isa = PBXContainerItemProxy;
			containerPortal = 7FAC05B6269D431D003EFC4D /* Project object */;
			proxyType = 1;
			remoteGlobalIDString = 7FAC05BD269D431D003EFC4D;
			remoteInfo = Prework;
		};
/* End PBXContainerItemProxy section */

/* Begin PBXFileReference section */
		7FAC05BE269D431D003EFC4D /* Prework.app */ = {isa = PBXFileReference; explicitFileType = wrapper.application; includeInIndex = 0; path = Prework.app; sourceTree = BUILT_PRODUCTS_DIR; };
		7FAC05C1269D431D003EFC4D /* AppDelegate.swift */ = {isa = PBXFileReference; lastKnownFileType = sourcecode.swift; path = AppDelegate.swift; sourceTree = "<group>"; };
		7FAC05C3269D431D003EFC4D /* SceneDelegate.swift */ = {isa = PBXFileReference; lastKnownFileType = sourcecode.swift; path = SceneDelegate.swift; sourceTree = "<group>"; };
		7FAC05C5269D431D003EFC4D /* ViewController.swift */ = {isa = PBXFileReference; lastKnownFileType = sourcecode.swift; path = ViewController.swift; sourceTree = "<group>"; };
		7FAC05C8269D431D003EFC4D /* Base */ = {isa = PBXFileReference; lastKnownFileType = file.storyboard; name = Base; path = Base.lproj/Main.storyboard; sourceTree = "<group>"; };
		7FAC05CA269D431E003EFC4D /* Assets.xcassets */ = {isa = PBXFileReference; lastKnownFileType = folder.assetcatalog; path = Assets.xcassets; sourceTree = "<group>"; };
		7FAC05CD269D431E003EFC4D /* Base */ = {isa = PBXFileReference; lastKnownFileType = file.storyboard; name = Base; path = Base.lproj/LaunchScreen.storyboard; sourceTree = "<group>"; };
		7FAC05CF269D431E003EFC4D /* Info.plist */ = {isa = PBXFileReference; lastKnownFileType = text.plist.xml; path = Info.plist; sourceTree = "<group>"; };
		7FAC05D4269D431E003EFC4D /* PreworkTests.xctest */ = {isa = PBXFileReference; explicitFileType = wrapper.cfbundle; includeInIndex = 0; path = PreworkTests.xctest; sourceTree = BUILT_PRODUCTS_DIR; };
		7FAC05D8269D431E003EFC4D /* PreworkTests.swift */ = {isa = PBXFileReference; lastKnownFileType = sourcecode.swift; path = PreworkTests.swift; sourceTree = "<group>"; };
		7FAC05DA269D431E003EFC4D /* Info.plist */ = {isa = PBXFileReference; lastKnownFileType = text.plist.xml; path = Info.plist; sourceTree = "<group>"; };
		7FAC05DF269D431E003EFC4D /* PreworkUITests.xctest */ = {isa = PBXFileReference; explicitFileType = wrapper.cfbundle; includeInIndex = 0; path = PreworkUITests.xctest; sourceTree = BUILT_PRODUCTS_DIR; };
		7FAC05E3269D431E003EFC4D /* PreworkUITests.swift */ = {isa = PBXFileReference; lastKnownFileType = sourcecode.swift; path = PreworkUITests.swift; sourceTree = "<group>"; };
		7FAC05E5269D431E003EFC4D /* Info.plist */ = {isa = PBXFileReference; lastKnownFileType = text.plist.xml; path = Info.plist; sourceTree = "<group>"; };
/* End PBXFileReference section */

/* Begin PBXFrameworksBuildPhase section */
		7FAC05BB269D431D003EFC4D /* Frameworks */ = {
			isa = PBXFrameworksBuildPhase;
			buildActionMask = 2147483647;
			files = (
			);
			runOnlyForDeploymentPostprocessing = 0;
		};
		7FAC05D1269D431E003EFC4D /* Frameworks */ = {
			isa = PBXFrameworksBuildPhase;
			buildActionMask = 2147483647;
			files = (
			);
			runOnlyForDeploymentPostprocessing = 0;
		};
		7FAC05DC269D431E003EFC4D /* Frameworks */ = {
			isa = PBXFrameworksBuildPhase;
			buildActionMask = 2147483647;
			files = (
			);
			runOnlyForDeploymentPostprocessing = 0;
		};
/* End PBXFrameworksBuildPhase section */

/* Begin PBXGroup section */
		7FAC05B5269D431D003EFC4D = {
			isa = PBXGroup;
			children = (
				7FAC05C0269D431D003EFC4D /* Prework */,
				7FAC05D7269D431E003EFC4D /* PreworkTests */,
				7FAC05E2269D431E003EFC4D /* PreworkUITests */,
				7FAC05BF269D431D003EFC4D /* Products */,
			);
			sourceTree = "<group>";
		};
		7FAC05BF269D431D003EFC4D /* Products */ = {
			isa = PBXGroup;
			children = (
				7FAC05BE269D431D003EFC4D /* Prework.app */,
				7FAC05D4269D431E003EFC4D /* PreworkTests.xctest */,
				7FAC05DF269D431E003EFC4D /* PreworkUITests.xctest */,
			);
			name = Products;
			sourceTree = "<group>";
		};
		7FAC05C0269D431D003EFC4D /* Prework */ = {
			isa = PBXGroup;
			children = (
				7FAC05C1269D431D003EFC4D /* AppDelegate.swift */,
				7FAC05C3269D431D003EFC4D /* SceneDelegate.swift */,
				7FAC05C5269D431D003EFC4D /* ViewController.swift */,
				7FAC05C7269D431D003EFC4D /* Main.storyboard */,
				7FAC05CA269D431E003EFC4D /* Assets.xcassets */,
				7FAC05CC269D431E003EFC4D /* LaunchScreen.storyboard */,
				7FAC05CF269D431E003EFC4D /* Info.plist */,
			);
			path = Prework;
			sourceTree = "<group>";
		};
		7FAC05D7269D431E003EFC4D /* PreworkTests */ = {
			isa = PBXGroup;
			children = (
				7FAC05D8269D431E003EFC4D /* PreworkTests.swift */,
				7FAC05DA269D431E003EFC4D /* Info.plist */,
			);
			path = PreworkTests;
			sourceTree = "<group>";
		};
		7FAC05E2269D431E003EFC4D /* PreworkUITests */ = {
			isa = PBXGroup;
			children = (
				7FAC05E3269D431E003EFC4D /* PreworkUITests.swift */,
				7FAC05E5269D431E003EFC4D /* Info.plist */,
			);
			path = PreworkUITests;
			sourceTree = "<group>";
		};
/* End PBXGroup section */

/* Begin PBXNativeTarget section */
		7FAC05BD269D431D003EFC4D /* Prework */ = {
			isa = PBXNativeTarget;
			buildConfigurationList = 7FAC05E8269D431E003EFC4D /* Build configuration list for PBXNativeTarget "Prework" */;
			buildPhases = (
				7FAC05BA269D431D003EFC4D /* Sources */,
				7FAC05BB269D431D003EFC4D /* Frameworks */,
				7FAC05BC269D431D003EFC4D /* Resources */,
			);
			buildRules = (
			);
			dependencies = (
			);
			name = Prework;
			productName = Prework;
			productReference = 7FAC05BE269D431D003EFC4D /* Prework.app */;
			productType = "com.apple.product-type.application";
		};
		7FAC05D3269D431E003EFC4D /* PreworkTests */ = {
			isa = PBXNativeTarget;
			buildConfigurationList = 7FAC05EB269D431E003EFC4D /* Build configuration list for PBXNativeTarget "PreworkTests" */;
			buildPhases = (
				7FAC05D0269D431E003EFC4D /* Sources */,
				7FAC05D1269D431E003EFC4D /* Frameworks */,
				7FAC05D2269D431E003EFC4D /* Resources */,
			);
			buildRules = (
			);
			dependencies = (
				7FAC05D6269D431E003EFC4D /* PBXTargetDependency */,
			);
			name = PreworkTests;
			productName = PreworkTests;
			productReference = 7FAC05D4269D431E003EFC4D /* PreworkTests.xctest */;
			productType = "com.apple.product-type.bundle.unit-test";
		};
		7FAC05DE269D431E003EFC4D /* PreworkUITests */ = {
			isa = PBXNativeTarget;
			buildConfigurationList = 7FAC05EE269D431E003EFC4D /* Build configuration list for PBXNativeTarget "PreworkUITests" */;
			buildPhases = (
				7FAC05DB269D431E003EFC4D /* Sources */,
				7FAC05DC269D431E003EFC4D /* Frameworks */,
				7FAC05DD269D431E003EFC4D /* Resources */,
			);
			buildRules = (
			);
			dependencies = (
				7FAC05E1269D431E003EFC4D /* PBXTargetDependency */,
			);
			name = PreworkUITests;
			productName = PreworkUITests;
			productReference = 7FAC05DF269D431E003EFC4D /* PreworkUITests.xctest */;
			productType = "com.apple.product-type.bundle.ui-testing";
		};
/* End PBXNativeTarget section */

/* Begin PBXProject section */
		7FAC05B6269D431D003EFC4D /* Project object */ = {
			isa = PBXProject;
			attributes = {
				LastSwiftUpdateCheck = 1250;
				LastUpgradeCheck = 1250;
				TargetAttributes = {
					7FAC05BD269D431D003EFC4D = {
						CreatedOnToolsVersion = 12.5.1;
					};
					7FAC05D3269D431E003EFC4D = {
						CreatedOnToolsVersion = 12.5.1;
						TestTargetID = 7FAC05BD269D431D003EFC4D;
					};
					7FAC05DE269D431E003EFC4D = {
						CreatedOnToolsVersion = 12.5.1;
						TestTargetID = 7FAC05BD269D431D003EFC4D;
					};
				};
			};
			buildConfigurationList = 7FAC05B9269D431D003EFC4D /* Build configuration list for PBXProject "Prework" */;
			compatibilityVersion = "Xcode 9.3";
			developmentRegion = en;
			hasScannedForEncodings = 0;
			knownRegions = (
				en,
				Base,
			);
			mainGroup = 7FAC05B5269D431D003EFC4D;
			productRefGroup = 7FAC05BF269D431D003EFC4D /* Products */;
			projectDirPath = "";
			projectRoot = "";
			targets = (
				7FAC05BD269D431D003EFC4D /* Prework */,
				7FAC05D3269D431E003EFC4D /* PreworkTests */,
				7FAC05DE269D431E003EFC4D /* PreworkUITests */,
			);
		};
/* End PBXProject section */

/* Begin PBXResourcesBuildPhase section */
		7FAC05BC269D431D003EFC4D /* Resources */ = {
			isa = PBXResourcesBuildPhase;
			buildActionMask = 2147483647;
			files = (
				7FAC05CE269D431E003EFC4D /* LaunchScreen.storyboard in Resources */,
				7FAC05CB269D431E003EFC4D /* Assets.xcassets in Resources */,
				7FAC05C9269D431D003EFC4D /* Main.storyboard in Resources */,
			);
			runOnlyForDeploymentPostprocessing = 0;
		};
		7FAC05D2269D431E003EFC4D /* Resources */ = {
			isa = PBXResourcesBuildPhase;
			buildActionMask = 2147483647;
			files = (
			);
			runOnlyForDeploymentPostprocessing = 0;
		};
		7FAC05DD269D431E003EFC4D /* Resources */ = {
			isa = PBXResourcesBuildPhase;
			buildActionMask = 2147483647;
			files = (
			);
			runOnlyForDeploymentPostprocessing = 0;
		};
/* End PBXResourcesBuildPhase section */

/* Begin PBXSourcesBuildPhase section */
		7FAC05BA269D431D003EFC4D /* Sources */ = {
			isa = PBXSourcesBuildPhase;
			buildActionMask = 2147483647;
			files = (
				7FAC05C6269D431D003EFC4D /* ViewController.swift in Sources */,
				7FAC05C2269D431D003EFC4D /* AppDelegate.swift in Sources */,
				7FAC05C4269D431D003EFC4D /* SceneDelegate.swift in Sources */,
			);
			runOnlyForDeploymentPostprocessing = 0;
		};
		7FAC05D0269D431E003EFC4D /* Sources */ = {
			isa = PBXSourcesBuildPhase;
			buildActionMask = 2147483647;
			files = (
				7FAC05D9269D431E003EFC4D /* PreworkTests.swift in Sources */,
			);
			runOnlyForDeploymentPostprocessing = 0;
		};
		7FAC05DB269D431E003EFC4D /* Sources */ = {
			isa = PBXSourcesBuildPhase;
			buildActionMask = 2147483647;
			files = (
				7FAC05E4269D431E003EFC4D /* PreworkUITests.swift in Sources */,
			);
			runOnlyForDeploymentPostprocessing = 0;
		};
/* End PBXSourcesBuildPhase section */

/* Begin PBXTargetDependency section */
		7FAC05D6269D431E003EFC4D /* PBXTargetDependency */ = {
			isa = PBXTargetDependency;
			target = 7FAC05BD269D431D003EFC4D /* Prework */;
			targetProxy = 7FAC05D5269D431E003EFC4D /* PBXContainerItemProxy */;
		};
		7FAC05E1269D431E003EFC4D /* PBXTargetDependency */ = {
			isa = PBXTargetDependency;
			target = 7FAC05BD269D431D003EFC4D /* Prework */;
			targetProxy = 7FAC05E0269D431E003EFC4D /* PBXContainerItemProxy */;
		};
/* End PBXTargetDependency section */

/* Begin PBXVariantGroup section */
		7FAC05C7269D431D003EFC4D /* Main.storyboard */ = {
			isa = PBXVariantGroup;
			children = (
				7FAC05C8269D431D003EFC4D /* Base */,
			);
			name = Main.storyboard;
			sourceTree = "<group>";
		};
		7FAC05CC269D431E003EFC4D /* LaunchScreen.storyboard */ = {
			isa = PBXVariantGroup;
			children = (
				7FAC05CD269D431E003EFC4D /* Base */,
			);
			name = LaunchScreen.storyboard;
			sourceTree = "<group>";
		};
/* End PBXVariantGroup section */

/* Begin XCBuildConfiguration section */
		7FAC05E6269D431E003EFC4D /* Debug */ = {
			isa = XCBuildConfiguration;
			buildSettings = {
				ALWAYS_SEARCH_USER_PATHS = NO;
				CLANG_ANALYZER_NONNULL = YES;
				CLANG_ANALYZER_NUMBER_OBJECT_CONVERSION = YES_AGGRESSIVE;
				CLANG_CXX_LANGUAGE_STANDARD = "gnu++14";
				CLANG_CXX_LIBRARY = "libc++";
				CLANG_ENABLE_MODULES = YES;
				CLANG_ENABLE_OBJC_ARC = YES;
				CLANG_ENABLE_OBJC_WEAK = YES;
				CLANG_WARN_BLOCK_CAPTURE_AUTORELEASING = YES;
				CLANG_WARN_BOOL_CONVERSION = YES;
				CLANG_WARN_COMMA = YES;
				CLANG_WARN_CONSTANT_CONVERSION = YES;
				CLANG_WARN_DEPRECATED_OBJC_IMPLEMENTATIONS = YES;
				CLANG_WARN_DIRECT_OBJC_ISA_USAGE = YES_ERROR;
				CLANG_WARN_DOCUMENTATION_COMMENTS = YES;
				CLANG_WARN_EMPTY_BODY = YES;
				CLANG_WARN_ENUM_CONVERSION = YES;
				CLANG_WARN_INFINITE_RECURSION = YES;
				CLANG_WARN_INT_CONVERSION = YES;
				CLANG_WARN_NON_LITERAL_NULL_CONVERSION = YES;
				CLANG_WARN_OBJC_IMPLICIT_RETAIN_SELF = YES;
				CLANG_WARN_OBJC_LITERAL_CONVERSION = YES;
				CLANG_WARN_OBJC_ROOT_CLASS = YES_ERROR;
				CLANG_WARN_QUOTED_INCLUDE_IN_FRAMEWORK_HEADER = YES;
				CLANG_WARN_RANGE_LOOP_ANALYSIS = YES;
				CLANG_WARN_STRICT_PROTOTYPES = YES;
				CLANG_WARN_SUSPICIOUS_MOVE = YES;
				CLANG_WARN_UNGUARDED_AVAILABILITY = YES_AGGRESSIVE;
				CLANG_WARN_UNREACHABLE_CODE = YES;
				CLANG_WARN__DUPLICATE_METHOD_MATCH = YES;
				COPY_PHASE_STRIP = NO;
				DEBUG_INFORMATION_FORMAT = dwarf;
				ENABLE_STRICT_OBJC_MSGSEND = YES;
				ENABLE_TESTABILITY = YES;
				GCC_C_LANGUAGE_STANDARD = gnu11;
				GCC_DYNAMIC_NO_PIC = NO;
				GCC_NO_COMMON_BLOCKS = YES;
				GCC_OPTIMIZATION_LEVEL = 0;
				GCC_PREPROCESSOR_DEFINITIONS = (
					"DEBUG=1",
					"$(inherited)",
				);
				GCC_WARN_64_TO_32_BIT_CONVERSION = YES;
				GCC_WARN_ABOUT_RETURN_TYPE = YES_ERROR;
				GCC_WARN_UNDECLARED_SELECTOR = YES;
				GCC_WARN_UNINITIALIZED_AUTOS = YES_AGGRESSIVE;
				GCC_WARN_UNUSED_FUNCTION = YES;
				GCC_WARN_UNUSED_VARIABLE = YES;
				IPHONEOS_DEPLOYMENT_TARGET = 14.5;
				MTL_ENABLE_DEBUG_INFO = INCLUDE_SOURCE;
				MTL_FAST_MATH = YES;
				ONLY_ACTIVE_ARCH = YES;
				SDKROOT = iphoneos;
				SWIFT_ACTIVE_COMPILATION_CONDITIONS = DEBUG;
				SWIFT_OPTIMIZATION_LEVEL = "-Onone";
			};
			name = Debug;
		};
		7FAC05E7269D431E003EFC4D /* Release */ = {
			isa = XCBuildConfiguration;
			buildSettings = {
				ALWAYS_SEARCH_USER_PATHS = NO;
				CLANG_ANALYZER_NONNULL = YES;
				CLANG_ANALYZER_NUMBER_OBJECT_CONVERSION = YES_AGGRESSIVE;
				CLANG_CXX_LANGUAGE_STANDARD = "gnu++14";
				CLANG_CXX_LIBRARY = "libc++";
				CLANG_ENABLE_MODULES = YES;
				CLANG_ENABLE_OBJC_ARC = YES;
				CLANG_ENABLE_OBJC_WEAK = YES;
				CLANG_WARN_BLOCK_CAPTURE_AUTORELEASING = YES;
				CLANG_WARN_BOOL_CONVERSION = YES;
				CLANG_WARN_COMMA = YES;
				CLANG_WARN_CONSTANT_CONVERSION = YES;
				CLANG_WARN_DEPRECATED_OBJC_IMPLEMENTATIONS = YES;
				CLANG_WARN_DIRECT_OBJC_ISA_USAGE = YES_ERROR;
				CLANG_WARN_DOCUMENTATION_COMMENTS = YES;
				CLANG_WARN_EMPTY_BODY = YES;
				CLANG_WARN_ENUM_CONVERSION = YES;
				CLANG_WARN_INFINITE_RECURSION = YES;
				CLANG_WARN_INT_CONVERSION = YES;
				CLANG_WARN_NON_LITERAL_NULL_CONVERSION = YES;
				CLANG_WARN_OBJC_IMPLICIT_RETAIN_SELF = YES;
				CLANG_WARN_OBJC_LITERAL_CONVERSION = YES;
				CLANG_WARN_OBJC_ROOT_CLASS = YES_ERROR;
				CLANG_WARN_QUOTED_INCLUDE_IN_FRAMEWORK_HEADER = YES;
				CLANG_WARN_RANGE_LOOP_ANALYSIS = YES;
				CLANG_WARN_STRICT_PROTOTYPES = YES;
				CLANG_WARN_SUSPICIOUS_MOVE = YES;
				CLANG_WARN_UNGUARDED_AVAILABILITY = YES_AGGRESSIVE;
				CLANG_WARN_UNREACHABLE_CODE = YES;
				CLANG_WARN__DUPLICATE_METHOD_MATCH = YES;
				COPY_PHASE_STRIP = NO;
				DEBUG_INFORMATION_FORMAT = "dwarf-with-dsym";
				ENABLE_NS_ASSERTIONS = NO;
				ENABLE_STRICT_OBJC_MSGSEND = YES;
				GCC_C_LANGUAGE_STANDARD = gnu11;
				GCC_NO_COMMON_BLOCKS = YES;
				GCC_WARN_64_TO_32_BIT_CONVERSION = YES;
				GCC_WARN_ABOUT_RETURN_TYPE = YES_ERROR;
				GCC_WARN_UNDECLARED_SELECTOR = YES;
				GCC_WARN_UNINITIALIZED_AUTOS = YES_AGGRESSIVE;
				GCC_WARN_UNUSED_FUNCTION = YES;
				GCC_WARN_UNUSED_VARIABLE = YES;
				IPHONEOS_DEPLOYMENT_TARGET = 14.5;
				MTL_ENABLE_DEBUG_INFO = NO;
				MTL_FAST_MATH = YES;
				SDKROOT = iphoneos;
				SWIFT_COMPILATION_MODE = wholemodule;
				SWIFT_OPTIMIZATION_LEVEL = "-O";
				VALIDATE_PRODUCT = YES;
			};
			name = Release;
		};
		7FAC05E9269D431E003EFC4D /* Debug */ = {
			isa = XCBuildConfiguration;
			buildSettings = {
				ASSETCATALOG_COMPILER_APPICON_NAME = AppIcon;
				ASSETCATALOG_COMPILER_GLOBAL_ACCENT_COLOR_NAME = AccentColor;
				CODE_SIGN_STYLE = Automatic;
				INFOPLIST_FILE = Prework/Info.plist;
				LD_RUNPATH_SEARCH_PATHS = (
					"$(inherited)",
					"@executable_path/Frameworks",
				);
				PRODUCT_BUNDLE_IDENTIFIER = memo.com.Prework;
				PRODUCT_NAME = "$(TARGET_NAME)";
				SWIFT_VERSION = 5.0;
				TARGETED_DEVICE_FAMILY = "1,2";
			};
			name = Debug;
		};
		7FAC05EA269D431E003EFC4D /* Release */ = {
			isa = XCBuildConfiguration;
			buildSettings = {
				ASSETCATALOG_COMPILER_APPICON_NAME = AppIcon;
				ASSETCATALOG_COMPILER_GLOBAL_ACCENT_COLOR_NAME = AccentColor;
				CODE_SIGN_STYLE = Automatic;
				INFOPLIST_FILE = Prework/Info.plist;
				LD_RUNPATH_SEARCH_PATHS = (
					"$(inherited)",
					"@executable_path/Frameworks",
				);
				PRODUCT_BUNDLE_IDENTIFIER = memo.com.Prework;
				PRODUCT_NAME = "$(TARGET_NAME)";
				SWIFT_VERSION = 5.0;
				TARGETED_DEVICE_FAMILY = "1,2";
			};
			name = Release;
		};
		7FAC05EC269D431E003EFC4D /* Debug */ = {
			isa = XCBuildConfiguration;
			buildSettings = {
				ALWAYS_EMBED_SWIFT_STANDARD_LIBRARIES = YES;
				BUNDLE_LOADER = "$(TEST_HOST)";
				CODE_SIGN_STYLE = Automatic;
				INFOPLIST_FILE = PreworkTests/Info.plist;
				IPHONEOS_DEPLOYMENT_TARGET = 14.5;
				LD_RUNPATH_SEARCH_PATHS = (
					"$(inherited)",
					"@executable_path/Frameworks",
					"@loader_path/Frameworks",
				);
				PRODUCT_BUNDLE_IDENTIFIER = memo.com.PreworkTests;
				PRODUCT_NAME = "$(TARGET_NAME)";
				SWIFT_VERSION = 5.0;
				TARGETED_DEVICE_FAMILY = "1,2";
				TEST_HOST = "$(BUILT_PRODUCTS_DIR)/Prework.app/Prework";
			};
			name = Debug;
		};
		7FAC05ED269D431E003EFC4D /* Release */ = {
			isa = XCBuildConfiguration;
			buildSettings = {
				ALWAYS_EMBED_SWIFT_STANDARD_LIBRARIES = YES;
				BUNDLE_LOADER = "$(TEST_HOST)";
				CODE_SIGN_STYLE = Automatic;
				INFOPLIST_FILE = PreworkTests/Info.plist;
				IPHONEOS_DEPLOYMENT_TARGET = 14.5;
				LD_RUNPATH_SEARCH_PATHS = (
					"$(inherited)",
					"@executable_path/Frameworks",
					"@loader_path/Frameworks",
				);
				PRODUCT_BUNDLE_IDENTIFIER = memo.com.PreworkTests;
				PRODUCT_NAME = "$(TARGET_NAME)";
				SWIFT_VERSION = 5.0;
				TARGETED_DEVICE_FAMILY = "1,2";
				TEST_HOST = "$(BUILT_PRODUCTS_DIR)/Prework.app/Prework";
			};
			name = Release;
		};
		7FAC05EF269D431E003EFC4D /* Debug */ = {
			isa = XCBuildConfiguration;
			buildSettings = {
				ALWAYS_EMBED_SWIFT_STANDARD_LIBRARIES = YES;
				CODE_SIGN_STYLE = Automatic;
				INFOPLIST_FILE = PreworkUITests/Info.plist;
				LD_RUNPATH_SEARCH_PATHS = (
					"$(inherited)",
					"@executable_path/Frameworks",
					"@loader_path/Frameworks",
				);
				PRODUCT_BUNDLE_IDENTIFIER = memo.com.PreworkUITests;
				PRODUCT_NAME = "$(TARGET_NAME)";
				SWIFT_VERSION = 5.0;
				TARGETED_DEVICE_FAMILY = "1,2";
				TEST_TARGET_NAME = Prework;
			};
			name = Debug;
		};
		7FAC05F0269D431E003EFC4D /* Release */ = {
			isa = XCBuildConfiguration;
			buildSettings = {
				ALWAYS_EMBED_SWIFT_STANDARD_LIBRARIES = YES;
				CODE_SIGN_STYLE = Automatic;
				INFOPLIST_FILE = PreworkUITests/Info.plist;
				LD_RUNPATH_SEARCH_PATHS = (
					"$(inherited)",
					"@executable_path/Frameworks",
					"@loader_path/Frameworks",
				);
				PRODUCT_BUNDLE_IDENTIFIER = memo.com.PreworkUITests;
				PRODUCT_NAME = "$(TARGET_NAME)";
				SWIFT_VERSION = 5.0;
				TARGETED_DEVICE_FAMILY = "1,2";
				TEST_TARGET_NAME = Prework;
			};
			name = Release;
		};
/* End XCBuildConfiguration section */

/* Begin XCConfigurationList section */
		7FAC05B9269D431D003EFC4D /* Build configuration list for PBXProject "Prework" */ = {
			isa = XCConfigurationList;
			buildConfigurations = (
				7FAC05E6269D431E003EFC4D /* Debug */,
				7FAC05E7269D431E003EFC4D /* Release */,
			);
			defaultConfigurationIsVisible = 0;
			defaultConfigurationName = Release;
		};
		7FAC05E8269D431E003EFC4D /* Build configuration list for PBXNativeTarget "Prework" */ = {
			isa = XCConfigurationList;
			buildConfigurations = (
				7FAC05E9269D431E003EFC4D /* Debug */,
				7FAC05EA269D431E003EFC4D /* Release */,
			);
			defaultConfigurationIsVisible = 0;
			defaultConfigurationName = Release;
		};
		7FAC05EB269D431E003EFC4D /* Build configuration list for PBXNativeTarget "PreworkTests" */ = {
			isa = XCConfigurationList;
			buildConfigurations = (
				7FAC05EC269D431E003EFC4D /* Debug */,
				7FAC05ED269D431E003EFC4D /* Release */,
			);
			defaultConfigurationIsVisible = 0;
			defaultConfigurationName = Release;
		};
		7FAC05EE269D431E003EFC4D /* Build configuration list for PBXNativeTarget "PreworkUITests" */ = {
			isa = XCConfigurationList;
			buildConfigurations = (
				7FAC05EF269D431E003EFC4D /* Debug */,
				7FAC05F0269D431E003EFC4D /* Release */,
			);
			defaultConfigurationIsVisible = 0;
			defaultConfigurationName = Release;
		};
/* End XCConfigurationList section */
	};
	rootObject = 7FAC05B6269D431D003EFC4D /* Project object */;
}
